
Microsoft Visual Studio Solution File, Format Version 12.00
# Visual Studio Version 17
VisualStudioVersion = 17.0.32014.148
MinimumVisualStudioVersion = 10.0.40219.1
Project("{FAE04EC0-301F-11D3-BF4B-00C04F79EFBC}") = "BlazorRpg.Server", "BlazorRpg\Server\BlazorRpg.Server.csproj", "{29BE5082-097F-4D60-AE29-B96E2BA64E4A}"
EndProject
Project("{FAE04EC0-301F-11D3-BF4B-00C04F79EFBC}") = "BlazorRpg.Client", "BlazorRpg\Client\BlazorRpg.Client.csproj", "{007E8207-9581-469A-B9AE-0EEE4E5C78C5}"
EndProject
Project("{FAE04EC0-301F-11D3-BF4B-00C04F79EFBC}") = "BlazorRpg.Shared", "BlazorRpg\Shared\BlazorRpg.Shared.csproj", "{811D0A49-E140-4F52-A64A-52CBECA759A9}"
EndProject
Global
	GlobalSection(SolutionConfigurationPlatforms) = preSolution
		Debug|Any CPU = Debug|Any CPU
		Release|Any CPU = Release|Any CPU
	EndGlobalSection
	GlobalSection(ProjectConfigurationPlatforms) = postSolution
		{29BE5082-097F-4D60-AE29-B96E2BA64E4A}.Debug|Any CPU.ActiveCfg = Debug|Any CPU
		{29BE5082-097F-4D60-AE29-B96E2BA64E4A}.Debug|Any CPU.Build.0 = Debug|Any CPU
		{29BE5082-097F-4D60-AE29-B96E2BA64E4A}.Release|Any CPU.ActiveCfg = Release|Any CPU
		{29BE5082-097F-4D60-AE29-B96E2BA64E4A}.Release|Any CPU.Build.0 = Release|Any CPU
		{007E8207-9581-469A-B9AE-0EEE4E5C78C5}.Debug|Any CPU.ActiveCfg = Debug|Any CPU
		{007E8207-9581-469A-B9AE-0EEE4E5C78C5}.Debug|Any CPU.Build.0 = Debug|Any CPU
		{007E8207-9581-469A-B9AE-0EEE4E5C78C5}.Release|Any CPU.ActiveCfg = Release|Any CPU
		{007E8207-9581-469A-B9AE-0EEE4E5C78C5}.Release|Any CPU.Build.0 = Release|Any CPU
		{811D0A49-E140-4F52-A64A-52CBECA759A9}.Debug|Any CPU.ActiveCfg = Debug|Any CPU
		{811D0A49-E140-4F52-A64A-52CBECA759A9}.Debug|Any CPU.Build.0 = Debug|Any CPU
		{811D0A49-E140-4F52-A64A-52CBECA759A9}.Release|Any CPU.ActiveCfg = Release|Any CPU
		{811D0A49-E140-4F52-A64A-52CBECA759A9}.Release|Any CPU.Build.0 = Release|Any CPU
	EndGlobalSection
	GlobalSection(SolutionProperties) = preSolution
		HideSolutionNode = FALSE
	EndGlobalSection
	GlobalSection(ExtensibilityGlobals) = postSolution
		SolutionGuid = {E5921E90-48DF-4036-88CA-D40664CCE0C9}
	EndGlobalSection
EndGlobal
